
Microsoft Visual Studio Solution File, Format Version 12.00
# Visual Studio Express 2012 for Web
Project("{FAE04EC0-301F-11D3-BF4B-00C04F79EFBC}") = "Warehouse-catalog", "Warehouse-catalog\Warehouse-catalog.csproj", "{2266AF69-AAF5-4444-A329-C7A678416E5C}"
EndProject
Project("{FAE04EC0-301F-11D3-BF4B-00C04F79EFBC}") = "Warehouse-catalog.Tests", "Warehouse-catalog.Tests\Warehouse-catalog.Tests.csproj", "{CF41AF37-6303-4924-9075-FFFEB4F1E248}"
EndProject
Global
	GlobalSection(SolutionConfigurationPlatforms) = preSolution
		Debug|Any CPU = Debug|Any CPU
		Release|Any CPU = Release|Any CPU
	EndGlobalSection
	GlobalSection(ProjectConfigurationPlatforms) = postSolution
		{2266AF69-AAF5-4444-A329-C7A678416E5C}.Debug|Any CPU.ActiveCfg = Debug|Any CPU
		{2266AF69-AAF5-4444-A329-C7A678416E5C}.Debug|Any CPU.Build.0 = Debug|Any CPU
		{2266AF69-AAF5-4444-A329-C7A678416E5C}.Release|Any CPU.ActiveCfg = Release|Any CPU
		{2266AF69-AAF5-4444-A329-C7A678416E5C}.Release|Any CPU.Build.0 = Release|Any CPU
		{CF41AF37-6303-4924-9075-FFFEB4F1E248}.Debug|Any CPU.ActiveCfg = Debug|Any CPU
		{CF41AF37-6303-4924-9075-FFFEB4F1E248}.Debug|Any CPU.Build.0 = Debug|Any CPU
		{CF41AF37-6303-4924-9075-FFFEB4F1E248}.Release|Any CPU.ActiveCfg = Release|Any CPU
		{CF41AF37-6303-4924-9075-FFFEB4F1E248}.Release|Any CPU.Build.0 = Release|Any CPU
	EndGlobalSection
	GlobalSection(SolutionProperties) = preSolution
		HideSolutionNode = FALSE
	EndGlobalSection
EndGlobal
